
Microsoft Visual Studio Solution File, Format Version 12.00
# Visual Studio Version 17
VisualStudioVersion = 17.0.31512.422
MinimumVisualStudioVersion = 10.0.40219.1
Project("{9A19103F-16F7-4668-BE54-9A1E7A4F7556}") = "TrainingApi", "TrainingApi.csproj", "{92655E17-16BC-4415-9B38-26C344094A38}"
EndProject
Project("{2150E333-8FDC-42A3-9474-1A3956D46DE8}") = "SqlProject", "SqlProject", "{279ED2D3-CD77-4909-9CDA-4C30D711F4CE}"
EndProject
Project("{9A19103F-16F7-4668-BE54-9A1E7A4F7556}") = "SqlTestingProject", "..\SqlProject\SqlTestingProject\SqlTestingProject.csproj", "{CF48899E-473B-485B-B1E1-C4B9B60EF234}"
EndProject
Project("{9A19103F-16F7-4668-BE54-9A1E7A4F7556}") = "SqlProject.CoreLibrary", "..\SqlProject\SqlProject.CoreLibrary\SqlProject.CoreLibrary.csproj", "{B612993A-61BB-4288-880A-E7853F9DFDF0}"
EndProject
Project("{9A19103F-16F7-4668-BE54-9A1E7A4F7556}") = "SqlProject.Modules.First", "..\SqlProject\SqlProject.Modules.First\SqlProject.Modules.First.csproj", "{58FB513C-61F4-4BE5-BABA-344286F598F6}"
EndProject
Project("{9A19103F-16F7-4668-BE54-9A1E7A4F7556}") = "SqlProject.Modules.Second", "..\SqlProject\SqlProject.Modules.Second\SqlProject.Modules.Second.csproj", "{F77B87F4-632C-4E71-9E59-1E709B4B25C6}"
EndProject
Global
	GlobalSection(SolutionConfigurationPlatforms) = preSolution
		Debug|Any CPU = Debug|Any CPU
		Release|Any CPU = Release|Any CPU
	EndGlobalSection
	GlobalSection(ProjectConfigurationPlatforms) = postSolution
		{92655E17-16BC-4415-9B38-26C344094A38}.Debug|Any CPU.ActiveCfg = Debug|Any CPU
		{92655E17-16BC-4415-9B38-26C344094A38}.Debug|Any CPU.Build.0 = Debug|Any CPU
		{92655E17-16BC-4415-9B38-26C344094A38}.Release|Any CPU.ActiveCfg = Release|Any CPU
		{92655E17-16BC-4415-9B38-26C344094A38}.Release|Any CPU.Build.0 = Release|Any CPU
		{CF48899E-473B-485B-B1E1-C4B9B60EF234}.Debug|Any CPU.ActiveCfg = Debug|Any CPU
		{CF48899E-473B-485B-B1E1-C4B9B60EF234}.Debug|Any CPU.Build.0 = Debug|Any CPU
		{CF48899E-473B-485B-B1E1-C4B9B60EF234}.Release|Any CPU.ActiveCfg = Release|Any CPU
		{CF48899E-473B-485B-B1E1-C4B9B60EF234}.Release|Any CPU.Build.0 = Release|Any CPU
		{B612993A-61BB-4288-880A-E7853F9DFDF0}.Debug|Any CPU.ActiveCfg = Debug|Any CPU
		{B612993A-61BB-4288-880A-E7853F9DFDF0}.Debug|Any CPU.Build.0 = Debug|Any CPU
		{B612993A-61BB-4288-880A-E7853F9DFDF0}.Release|Any CPU.ActiveCfg = Release|Any CPU
		{B612993A-61BB-4288-880A-E7853F9DFDF0}.Release|Any CPU.Build.0 = Release|Any CPU
		{58FB513C-61F4-4BE5-BABA-344286F598F6}.Debug|Any CPU.ActiveCfg = Debug|Any CPU
		{58FB513C-61F4-4BE5-BABA-344286F598F6}.Debug|Any CPU.Build.0 = Debug|Any CPU
		{58FB513C-61F4-4BE5-BABA-344286F598F6}.Release|Any CPU.ActiveCfg = Release|Any CPU
		{58FB513C-61F4-4BE5-BABA-344286F598F6}.Release|Any CPU.Build.0 = Release|Any CPU
		{F77B87F4-632C-4E71-9E59-1E709B4B25C6}.Debug|Any CPU.ActiveCfg = Debug|Any CPU
		{F77B87F4-632C-4E71-9E59-1E709B4B25C6}.Debug|Any CPU.Build.0 = Debug|Any CPU
		{F77B87F4-632C-4E71-9E59-1E709B4B25C6}.Release|Any CPU.ActiveCfg = Release|Any CPU
		{F77B87F4-632C-4E71-9E59-1E709B4B25C6}.Release|Any CPU.Build.0 = Release|Any CPU
	EndGlobalSection
	GlobalSection(SolutionProperties) = preSolution
		HideSolutionNode = FALSE
	EndGlobalSection
	GlobalSection(NestedProjects) = preSolution
		{CF48899E-473B-485B-B1E1-C4B9B60EF234} = {279ED2D3-CD77-4909-9CDA-4C30D711F4CE}
		{B612993A-61BB-4288-880A-E7853F9DFDF0} = {279ED2D3-CD77-4909-9CDA-4C30D711F4CE}
		{58FB513C-61F4-4BE5-BABA-344286F598F6} = {279ED2D3-CD77-4909-9CDA-4C30D711F4CE}
		{F77B87F4-632C-4E71-9E59-1E709B4B25C6} = {279ED2D3-CD77-4909-9CDA-4C30D711F4CE}
	EndGlobalSection
	GlobalSection(ExtensibilityGlobals) = postSolution
		SolutionGuid = {24527FAC-F5E9-49D3-A3AF-9AC5B288C38C}
	EndGlobalSection
EndGlobal
