
Microsoft Visual Studio Solution File, Format Version 12.00
# Visual Studio Version 16
VisualStudioVersion = 16.0.31515.178
MinimumVisualStudioVersion = 10.0.40219.1
Project("{2150E333-8FDC-42A3-9474-1A3956D46DE8}") = "SqlProject", "SqlProject", "{279ED2D3-CD77-4909-9CDA-4C30D711F4CE}"
EndProject
Project("{2150E333-8FDC-42A3-9474-1A3956D46DE8}") = "Modules", "Modules", "{1B6640BB-6A12-4445-B5CF-355BB566B5D2}"
EndProject
Project("{2150E333-8FDC-42A3-9474-1A3956D46DE8}") = "Services", "Services", "{3C10EA72-6912-4CFF-A0B3-A271F2D7F191}"
EndProject
Project("{2150E333-8FDC-42A3-9474-1A3956D46DE8}") = "TrainingApi", "TrainingApi", "{A3D3757C-A41E-4DE6-A449-7B1BC3028663}"
EndProject
Project("{9A19103F-16F7-4668-BE54-9A1E7A4F7556}") = "SqlTestingProject", "SqlProject\SqlTestingProject\SqlTestingProject.csproj", "{D163503F-E70E-44C6-8FBE-906486A05912}"
EndProject
Project("{9A19103F-16F7-4668-BE54-9A1E7A4F7556}") = "SqlProject.CoreLibrary", "SqlProject\SqlProject.CoreLibrary\SqlProject.CoreLibrary.csproj", "{1F3C1792-B202-43FF-AAE9-72CA462F0928}"
EndProject
Project("{9A19103F-16F7-4668-BE54-9A1E7A4F7556}") = "SqlProject.Services", "SqlProject\SqlProject.Services\SqlProject.Services.csproj", "{18A08875-8B98-4C26-9134-653BA49E3B34}"
EndProject
Project("{9A19103F-16F7-4668-BE54-9A1E7A4F7556}") = "SqlProject.Modules.First", "SqlProject\Modules\SqlProject.Modules.First\SqlProject.Modules.First.csproj", "{08A95ECD-2675-481A-BE57-3D9A81017CD0}"
EndProject
Project("{9A19103F-16F7-4668-BE54-9A1E7A4F7556}") = "SqlProject.Modules.Second", "SqlProject\Modules\SqlProject.Modules.Second\SqlProject.Modules.Second.csproj", "{F15C5637-6BF9-4D72-A4F1-FA2B19712C00}"
EndProject
Project("{9A19103F-16F7-4668-BE54-9A1E7A4F7556}") = "SqlProject.Modules.Third", "SqlProject\Modules\SqlProject.Modules.Third\SqlProject.Modules.Third.csproj", "{413E99FB-0931-4629-BAE2-EC817775349C}"
EndProject
Project("{9A19103F-16F7-4668-BE54-9A1E7A4F7556}") = "TrainingApi", "Trainig_Api\TrainingApi\TrainingApi.csproj", "{BD307BF2-E511-4043-B8F9-22585301CC7C}"
EndProject
Project("{2150E333-8FDC-42A3-9474-1A3956D46DE8}") = "Tests", "Tests", "{B091C569-2581-43A8-A931-AA4B3CCFA489}"
EndProject
Project("{9A19103F-16F7-4668-BE54-9A1E7A4F7556}") = "TrainingApi.Test", "Trainig_Api\Tests\TrainingApi.Test\TrainingApi.Test.csproj", "{7F90A52F-790D-494D-95E6-C4D380366376}"
EndProject
Project("{2150E333-8FDC-42A3-9474-1A3956D46DE8}") = "Data", "Data", "{78D70FCD-1EE5-4E46-BD54-CF0F3767AD8B}"
EndProject
Project("{00D1A9C2-B5F0-4AF3-8072-F6C62B433612}") = "TrainingApiDB", "Trainig_Api\Data\TrainingApiDB\TrainingApiDB.sqlproj", "{03C5EBC9-7BEB-4B04-8325-FD240C76D5B2}"
EndProject
Global
	GlobalSection(SolutionConfigurationPlatforms) = preSolution
		Debug|Any CPU = Debug|Any CPU
		Release|Any CPU = Release|Any CPU
	EndGlobalSection
	GlobalSection(ProjectConfigurationPlatforms) = postSolution
		{D163503F-E70E-44C6-8FBE-906486A05912}.Debug|Any CPU.ActiveCfg = Debug|Any CPU
		{D163503F-E70E-44C6-8FBE-906486A05912}.Debug|Any CPU.Build.0 = Debug|Any CPU
		{D163503F-E70E-44C6-8FBE-906486A05912}.Release|Any CPU.ActiveCfg = Release|Any CPU
		{D163503F-E70E-44C6-8FBE-906486A05912}.Release|Any CPU.Build.0 = Release|Any CPU
		{1F3C1792-B202-43FF-AAE9-72CA462F0928}.Debug|Any CPU.ActiveCfg = Debug|Any CPU
		{1F3C1792-B202-43FF-AAE9-72CA462F0928}.Debug|Any CPU.Build.0 = Debug|Any CPU
		{1F3C1792-B202-43FF-AAE9-72CA462F0928}.Release|Any CPU.ActiveCfg = Release|Any CPU
		{1F3C1792-B202-43FF-AAE9-72CA462F0928}.Release|Any CPU.Build.0 = Release|Any CPU
		{18A08875-8B98-4C26-9134-653BA49E3B34}.Debug|Any CPU.ActiveCfg = Debug|Any CPU
		{18A08875-8B98-4C26-9134-653BA49E3B34}.Debug|Any CPU.Build.0 = Debug|Any CPU
		{18A08875-8B98-4C26-9134-653BA49E3B34}.Release|Any CPU.ActiveCfg = Release|Any CPU
		{18A08875-8B98-4C26-9134-653BA49E3B34}.Release|Any CPU.Build.0 = Release|Any CPU
		{08A95ECD-2675-481A-BE57-3D9A81017CD0}.Debug|Any CPU.ActiveCfg = Debug|Any CPU
		{08A95ECD-2675-481A-BE57-3D9A81017CD0}.Debug|Any CPU.Build.0 = Debug|Any CPU
		{08A95ECD-2675-481A-BE57-3D9A81017CD0}.Release|Any CPU.ActiveCfg = Release|Any CPU
		{08A95ECD-2675-481A-BE57-3D9A81017CD0}.Release|Any CPU.Build.0 = Release|Any CPU
		{F15C5637-6BF9-4D72-A4F1-FA2B19712C00}.Debug|Any CPU.ActiveCfg = Debug|Any CPU
		{F15C5637-6BF9-4D72-A4F1-FA2B19712C00}.Debug|Any CPU.Build.0 = Debug|Any CPU
		{F15C5637-6BF9-4D72-A4F1-FA2B19712C00}.Release|Any CPU.ActiveCfg = Release|Any CPU
		{F15C5637-6BF9-4D72-A4F1-FA2B19712C00}.Release|Any CPU.Build.0 = Release|Any CPU
		{413E99FB-0931-4629-BAE2-EC817775349C}.Debug|Any CPU.ActiveCfg = Debug|Any CPU
		{413E99FB-0931-4629-BAE2-EC817775349C}.Debug|Any CPU.Build.0 = Debug|Any CPU
		{413E99FB-0931-4629-BAE2-EC817775349C}.Release|Any CPU.ActiveCfg = Release|Any CPU
		{413E99FB-0931-4629-BAE2-EC817775349C}.Release|Any CPU.Build.0 = Release|Any CPU
		{BD307BF2-E511-4043-B8F9-22585301CC7C}.Debug|Any CPU.ActiveCfg = Debug|Any CPU
		{BD307BF2-E511-4043-B8F9-22585301CC7C}.Debug|Any CPU.Build.0 = Debug|Any CPU
		{BD307BF2-E511-4043-B8F9-22585301CC7C}.Release|Any CPU.ActiveCfg = Release|Any CPU
		{BD307BF2-E511-4043-B8F9-22585301CC7C}.Release|Any CPU.Build.0 = Release|Any CPU
		{7F90A52F-790D-494D-95E6-C4D380366376}.Debug|Any CPU.ActiveCfg = Debug|Any CPU
		{7F90A52F-790D-494D-95E6-C4D380366376}.Debug|Any CPU.Build.0 = Debug|Any CPU
		{7F90A52F-790D-494D-95E6-C4D380366376}.Release|Any CPU.ActiveCfg = Release|Any CPU
		{7F90A52F-790D-494D-95E6-C4D380366376}.Release|Any CPU.Build.0 = Release|Any CPU
		{03C5EBC9-7BEB-4B04-8325-FD240C76D5B2}.Debug|Any CPU.ActiveCfg = Debug|Any CPU
		{03C5EBC9-7BEB-4B04-8325-FD240C76D5B2}.Debug|Any CPU.Build.0 = Debug|Any CPU
		{03C5EBC9-7BEB-4B04-8325-FD240C76D5B2}.Debug|Any CPU.Deploy.0 = Debug|Any CPU
		{03C5EBC9-7BEB-4B04-8325-FD240C76D5B2}.Release|Any CPU.ActiveCfg = Release|Any CPU
		{03C5EBC9-7BEB-4B04-8325-FD240C76D5B2}.Release|Any CPU.Build.0 = Release|Any CPU
		{03C5EBC9-7BEB-4B04-8325-FD240C76D5B2}.Release|Any CPU.Deploy.0 = Release|Any CPU
	EndGlobalSection
	GlobalSection(SolutionProperties) = preSolution
		HideSolutionNode = FALSE
	EndGlobalSection
	GlobalSection(NestedProjects) = preSolution
		{1B6640BB-6A12-4445-B5CF-355BB566B5D2} = {279ED2D3-CD77-4909-9CDA-4C30D711F4CE}
		{3C10EA72-6912-4CFF-A0B3-A271F2D7F191} = {279ED2D3-CD77-4909-9CDA-4C30D711F4CE}
		{D163503F-E70E-44C6-8FBE-906486A05912} = {279ED2D3-CD77-4909-9CDA-4C30D711F4CE}
		{1F3C1792-B202-43FF-AAE9-72CA462F0928} = {279ED2D3-CD77-4909-9CDA-4C30D711F4CE}
		{18A08875-8B98-4C26-9134-653BA49E3B34} = {3C10EA72-6912-4CFF-A0B3-A271F2D7F191}
		{08A95ECD-2675-481A-BE57-3D9A81017CD0} = {1B6640BB-6A12-4445-B5CF-355BB566B5D2}
		{F15C5637-6BF9-4D72-A4F1-FA2B19712C00} = {1B6640BB-6A12-4445-B5CF-355BB566B5D2}
		{413E99FB-0931-4629-BAE2-EC817775349C} = {1B6640BB-6A12-4445-B5CF-355BB566B5D2}
		{BD307BF2-E511-4043-B8F9-22585301CC7C} = {A3D3757C-A41E-4DE6-A449-7B1BC3028663}
		{B091C569-2581-43A8-A931-AA4B3CCFA489} = {A3D3757C-A41E-4DE6-A449-7B1BC3028663}
		{7F90A52F-790D-494D-95E6-C4D380366376} = {B091C569-2581-43A8-A931-AA4B3CCFA489}
		{78D70FCD-1EE5-4E46-BD54-CF0F3767AD8B} = {A3D3757C-A41E-4DE6-A449-7B1BC3028663}
		{03C5EBC9-7BEB-4B04-8325-FD240C76D5B2} = {78D70FCD-1EE5-4E46-BD54-CF0F3767AD8B}
	EndGlobalSection
	GlobalSection(ExtensibilityGlobals) = postSolution
		SolutionGuid = {24527FAC-F5E9-49D3-A3AF-9AC5B288C38C}
	EndGlobalSection
EndGlobal
