
Microsoft Visual Studio Solution File, Format Version 12.00
# Visual Studio Version 16
VisualStudioVersion = 16.0.31515.178
MinimumVisualStudioVersion = 10.0.40219.1
Project("{2150E333-8FDC-42A3-9474-1A3956D46DE8}") = "SqlProject", "SqlProject", "{279ED2D3-CD77-4909-9CDA-4C30D711F4CE}"
EndProject
Project("{2150E333-8FDC-42A3-9474-1A3956D46DE8}") = "Modules", "Modules", "{1B6640BB-6A12-4445-B5CF-355BB566B5D2}"
EndProject
Project("{2150E333-8FDC-42A3-9474-1A3956D46DE8}") = "TrainingApi", "TrainingApi", "{A3D3757C-A41E-4DE6-A449-7B1BC3028663}"
EndProject
Project("{9A19103F-16F7-4668-BE54-9A1E7A4F7556}") = "SqlTestingProject", "SqlProject\SqlTestingProject\SqlTestingProject.csproj", "{D163503F-E70E-44C6-8FBE-906486A05912}"
EndProject
Project("{9A19103F-16F7-4668-BE54-9A1E7A4F7556}") = "SqlProject.CoreLibrary", "SqlProject\SqlProject.CoreLibrary\SqlProject.CoreLibrary.csproj", "{1F3C1792-B202-43FF-AAE9-72CA462F0928}"
EndProject
Project("{9A19103F-16F7-4668-BE54-9A1E7A4F7556}") = "SqlProject.Modules.First", "SqlProject\Modules\SqlProject.Modules.First\SqlProject.Modules.First.csproj", "{08A95ECD-2675-481A-BE57-3D9A81017CD0}"
EndProject
Project("{9A19103F-16F7-4668-BE54-9A1E7A4F7556}") = "SqlProject.Modules.Second", "SqlProject\Modules\SqlProject.Modules.Second\SqlProject.Modules.Second.csproj", "{F15C5637-6BF9-4D72-A4F1-FA2B19712C00}"
EndProject
Project("{9A19103F-16F7-4668-BE54-9A1E7A4F7556}") = "SqlProject.Modules.Third", "SqlProject\Modules\SqlProject.Modules.Third\SqlProject.Modules.Third.csproj", "{413E99FB-0931-4629-BAE2-EC817775349C}"
EndProject
Project("{9A19103F-16F7-4668-BE54-9A1E7A4F7556}") = "TrainingApi", "Trainig_Api\TrainingApi\TrainingApi.csproj", "{BD307BF2-E511-4043-B8F9-22585301CC7C}"
EndProject
Project("{9A19103F-16F7-4668-BE54-9A1E7A4F7556}") = "TrainingApi.Services", "Trainig_Api\TrainingApi.Services\TrainingApi.Services.csproj", "{81B00E59-4AF4-4B2A-86F5-C8A53D38D82F}"
EndProject
Project("{9A19103F-16F7-4668-BE54-9A1E7A4F7556}") = "TrainingApi.Tests", "Trainig_Api\TrainingApi.Test\TrainingApi.Tests.csproj", "{B5434081-D57E-495D-AFB0-1082EE512C0D}"
EndProject
Project("{9A19103F-16F7-4668-BE54-9A1E7A4F7556}") = "TrainingApi.IntegrationTests", "Trainig_Api\TrainingApi.IntegrationTests\TrainingApi.IntegrationTests.csproj", "{3A411892-5825-4511-9F33-EC13B7E48E58}"
EndProject
Project("{9A19103F-16F7-4668-BE54-9A1E7A4F7556}") = "RabbitWindowsService", "Trainig_Api\RabbitWindowsService\RabbitWindowsService.csproj", "{AFE68559-C360-47A0-B9A2-7914114F0755}"
EndProject
Project("{9A19103F-16F7-4668-BE54-9A1E7A4F7556}") = "ValidationComponent", "Trainig_Api\ValidationComponent\ValidationComponent.csproj", "{3FD70D8D-8A08-4FAB-B60C-A2F85E47B4D1}"
EndProject
Project("{2150E333-8FDC-42A3-9474-1A3956D46DE8}") = "AspNetAuthentication", "AspNetAuthentication", "{2B7CBB4A-EDDA-445C-B35F-9152BBFD6FF8}"
EndProject
Project("{2150E333-8FDC-42A3-9474-1A3956D46DE8}") = "Basic", "Basic", "{FC770D2D-BB4E-4A02-BE23-D4B40B67D34A}"
EndProject
Project("{2150E333-8FDC-42A3-9474-1A3956D46DE8}") = "OAuth", "OAuth", "{77E85B08-BF9A-4213-86CA-1C6D8AD19400}"
EndProject
Project("{9A19103F-16F7-4668-BE54-9A1E7A4F7556}") = "BasicAuthentication", "Asp_Net_Authentication\Basic\BasicAuthentication\BasicAuthentication.csproj", "{D09FB6D0-D1EB-4A4B-8C4A-50651E273697}"
EndProject
Project("{9A19103F-16F7-4668-BE54-9A1E7A4F7556}") = "IdentityExample", "Asp_Net_Authentication\Basic\IdentityExample\IdentityExample.csproj", "{EE38E930-41C9-4781-9048-6E1744A46197}"
EndProject
Project("{9A19103F-16F7-4668-BE54-9A1E7A4F7556}") = "Server", "Asp_Net_Authentication\OAuth\Server\Server.csproj", "{91D79BAF-E8F5-457B-B1E5-8416B01DBD9B}"
EndProject
Project("{9A19103F-16F7-4668-BE54-9A1E7A4F7556}") = "Client", "Asp_Net_Authentication\OAuth\Client\Client.csproj", "{F068A37A-F359-4791-8866-B112D576D8B3}"
EndProject
Project("{9A19103F-16F7-4668-BE54-9A1E7A4F7556}") = "SecurityAPI", "Asp_Net_Authentication\OAuth\SecurityAPI\SecurityAPI.csproj", "{73DCB62A-FC5C-4C7B-8F54-756372C5E144}"
EndProject
Project("{2150E333-8FDC-42A3-9474-1A3956D46DE8}") = "IdentityServer", "IdentityServer", "{059BDE99-3DB1-4F0B-AAE9-A74DCB44649D}"
EndProject
Project("{9A19103F-16F7-4668-BE54-9A1E7A4F7556}") = "IdentityServer", "Asp_Net_Authentication\IdentityServer\IdentityServer\IdentityServer.csproj", "{551735BB-1233-419A-8366-B2FBD96BBCCF}"
EndProject
Project("{9A19103F-16F7-4668-BE54-9A1E7A4F7556}") = "ApiOne", "Asp_Net_Authentication\IdentityServer\ApiOne\ApiOne.csproj", "{594B458F-E33B-45C5-AC0A-6A98C2279105}"
EndProject
Project("{9A19103F-16F7-4668-BE54-9A1E7A4F7556}") = "ApiTwo", "Asp_Net_Authentication\IdentityServer\ApiTwo\ApiTwo.csproj", "{169FE4FA-B063-4F53-B08A-B16709192EA2}"
EndProject
Project("{FAE04EC0-301F-11D3-BF4B-00C04F79EFBC}") = "MvcClient", "Asp_Net_Authentication\IdentityServer\MvcClient\MvcClient.csproj", "{F0C26B5E-DA75-4729-A517-24CF360094DA}"
EndProject
Global
	GlobalSection(SolutionConfigurationPlatforms) = preSolution
		Debug|Any CPU = Debug|Any CPU
		Release|Any CPU = Release|Any CPU
	EndGlobalSection
	GlobalSection(ProjectConfigurationPlatforms) = postSolution
		{D163503F-E70E-44C6-8FBE-906486A05912}.Debug|Any CPU.ActiveCfg = Debug|Any CPU
		{D163503F-E70E-44C6-8FBE-906486A05912}.Debug|Any CPU.Build.0 = Debug|Any CPU
		{D163503F-E70E-44C6-8FBE-906486A05912}.Release|Any CPU.ActiveCfg = Release|Any CPU
		{D163503F-E70E-44C6-8FBE-906486A05912}.Release|Any CPU.Build.0 = Release|Any CPU
		{1F3C1792-B202-43FF-AAE9-72CA462F0928}.Debug|Any CPU.ActiveCfg = Debug|Any CPU
		{1F3C1792-B202-43FF-AAE9-72CA462F0928}.Debug|Any CPU.Build.0 = Debug|Any CPU
		{1F3C1792-B202-43FF-AAE9-72CA462F0928}.Release|Any CPU.ActiveCfg = Release|Any CPU
		{1F3C1792-B202-43FF-AAE9-72CA462F0928}.Release|Any CPU.Build.0 = Release|Any CPU
		{08A95ECD-2675-481A-BE57-3D9A81017CD0}.Debug|Any CPU.ActiveCfg = Debug|Any CPU
		{08A95ECD-2675-481A-BE57-3D9A81017CD0}.Debug|Any CPU.Build.0 = Debug|Any CPU
		{08A95ECD-2675-481A-BE57-3D9A81017CD0}.Release|Any CPU.ActiveCfg = Release|Any CPU
		{08A95ECD-2675-481A-BE57-3D9A81017CD0}.Release|Any CPU.Build.0 = Release|Any CPU
		{F15C5637-6BF9-4D72-A4F1-FA2B19712C00}.Debug|Any CPU.ActiveCfg = Debug|Any CPU
		{F15C5637-6BF9-4D72-A4F1-FA2B19712C00}.Debug|Any CPU.Build.0 = Debug|Any CPU
		{F15C5637-6BF9-4D72-A4F1-FA2B19712C00}.Release|Any CPU.ActiveCfg = Release|Any CPU
		{F15C5637-6BF9-4D72-A4F1-FA2B19712C00}.Release|Any CPU.Build.0 = Release|Any CPU
		{413E99FB-0931-4629-BAE2-EC817775349C}.Debug|Any CPU.ActiveCfg = Debug|Any CPU
		{413E99FB-0931-4629-BAE2-EC817775349C}.Debug|Any CPU.Build.0 = Debug|Any CPU
		{413E99FB-0931-4629-BAE2-EC817775349C}.Release|Any CPU.ActiveCfg = Release|Any CPU
		{413E99FB-0931-4629-BAE2-EC817775349C}.Release|Any CPU.Build.0 = Release|Any CPU
		{BD307BF2-E511-4043-B8F9-22585301CC7C}.Debug|Any CPU.ActiveCfg = Debug|Any CPU
		{BD307BF2-E511-4043-B8F9-22585301CC7C}.Debug|Any CPU.Build.0 = Debug|Any CPU
		{BD307BF2-E511-4043-B8F9-22585301CC7C}.Release|Any CPU.ActiveCfg = Release|Any CPU
		{BD307BF2-E511-4043-B8F9-22585301CC7C}.Release|Any CPU.Build.0 = Release|Any CPU
		{81B00E59-4AF4-4B2A-86F5-C8A53D38D82F}.Debug|Any CPU.ActiveCfg = Debug|Any CPU
		{81B00E59-4AF4-4B2A-86F5-C8A53D38D82F}.Debug|Any CPU.Build.0 = Debug|Any CPU
		{81B00E59-4AF4-4B2A-86F5-C8A53D38D82F}.Release|Any CPU.ActiveCfg = Release|Any CPU
		{81B00E59-4AF4-4B2A-86F5-C8A53D38D82F}.Release|Any CPU.Build.0 = Release|Any CPU
		{B5434081-D57E-495D-AFB0-1082EE512C0D}.Debug|Any CPU.ActiveCfg = Debug|Any CPU
		{B5434081-D57E-495D-AFB0-1082EE512C0D}.Debug|Any CPU.Build.0 = Debug|Any CPU
		{B5434081-D57E-495D-AFB0-1082EE512C0D}.Release|Any CPU.ActiveCfg = Release|Any CPU
		{B5434081-D57E-495D-AFB0-1082EE512C0D}.Release|Any CPU.Build.0 = Release|Any CPU
		{3A411892-5825-4511-9F33-EC13B7E48E58}.Debug|Any CPU.ActiveCfg = Debug|Any CPU
		{3A411892-5825-4511-9F33-EC13B7E48E58}.Debug|Any CPU.Build.0 = Debug|Any CPU
		{3A411892-5825-4511-9F33-EC13B7E48E58}.Release|Any CPU.ActiveCfg = Release|Any CPU
		{3A411892-5825-4511-9F33-EC13B7E48E58}.Release|Any CPU.Build.0 = Release|Any CPU
		{AFE68559-C360-47A0-B9A2-7914114F0755}.Debug|Any CPU.ActiveCfg = Debug|Any CPU
		{AFE68559-C360-47A0-B9A2-7914114F0755}.Debug|Any CPU.Build.0 = Debug|Any CPU
		{AFE68559-C360-47A0-B9A2-7914114F0755}.Release|Any CPU.ActiveCfg = Release|Any CPU
		{AFE68559-C360-47A0-B9A2-7914114F0755}.Release|Any CPU.Build.0 = Release|Any CPU
		{3FD70D8D-8A08-4FAB-B60C-A2F85E47B4D1}.Debug|Any CPU.ActiveCfg = Debug|Any CPU
		{3FD70D8D-8A08-4FAB-B60C-A2F85E47B4D1}.Debug|Any CPU.Build.0 = Debug|Any CPU
		{3FD70D8D-8A08-4FAB-B60C-A2F85E47B4D1}.Release|Any CPU.ActiveCfg = Release|Any CPU
		{3FD70D8D-8A08-4FAB-B60C-A2F85E47B4D1}.Release|Any CPU.Build.0 = Release|Any CPU
		{D09FB6D0-D1EB-4A4B-8C4A-50651E273697}.Debug|Any CPU.ActiveCfg = Debug|Any CPU
		{D09FB6D0-D1EB-4A4B-8C4A-50651E273697}.Debug|Any CPU.Build.0 = Debug|Any CPU
		{D09FB6D0-D1EB-4A4B-8C4A-50651E273697}.Release|Any CPU.ActiveCfg = Release|Any CPU
		{D09FB6D0-D1EB-4A4B-8C4A-50651E273697}.Release|Any CPU.Build.0 = Release|Any CPU
		{EE38E930-41C9-4781-9048-6E1744A46197}.Debug|Any CPU.ActiveCfg = Debug|Any CPU
		{EE38E930-41C9-4781-9048-6E1744A46197}.Debug|Any CPU.Build.0 = Debug|Any CPU
		{EE38E930-41C9-4781-9048-6E1744A46197}.Release|Any CPU.ActiveCfg = Release|Any CPU
		{EE38E930-41C9-4781-9048-6E1744A46197}.Release|Any CPU.Build.0 = Release|Any CPU
		{91D79BAF-E8F5-457B-B1E5-8416B01DBD9B}.Debug|Any CPU.ActiveCfg = Debug|Any CPU
		{91D79BAF-E8F5-457B-B1E5-8416B01DBD9B}.Debug|Any CPU.Build.0 = Debug|Any CPU
		{91D79BAF-E8F5-457B-B1E5-8416B01DBD9B}.Release|Any CPU.ActiveCfg = Release|Any CPU
		{91D79BAF-E8F5-457B-B1E5-8416B01DBD9B}.Release|Any CPU.Build.0 = Release|Any CPU
		{F068A37A-F359-4791-8866-B112D576D8B3}.Debug|Any CPU.ActiveCfg = Debug|Any CPU
		{F068A37A-F359-4791-8866-B112D576D8B3}.Debug|Any CPU.Build.0 = Debug|Any CPU
		{F068A37A-F359-4791-8866-B112D576D8B3}.Release|Any CPU.ActiveCfg = Release|Any CPU
		{F068A37A-F359-4791-8866-B112D576D8B3}.Release|Any CPU.Build.0 = Release|Any CPU
		{73DCB62A-FC5C-4C7B-8F54-756372C5E144}.Debug|Any CPU.ActiveCfg = Debug|Any CPU
		{73DCB62A-FC5C-4C7B-8F54-756372C5E144}.Debug|Any CPU.Build.0 = Debug|Any CPU
		{73DCB62A-FC5C-4C7B-8F54-756372C5E144}.Release|Any CPU.ActiveCfg = Release|Any CPU
		{73DCB62A-FC5C-4C7B-8F54-756372C5E144}.Release|Any CPU.Build.0 = Release|Any CPU
		{551735BB-1233-419A-8366-B2FBD96BBCCF}.Debug|Any CPU.ActiveCfg = Debug|Any CPU
		{551735BB-1233-419A-8366-B2FBD96BBCCF}.Debug|Any CPU.Build.0 = Debug|Any CPU
		{551735BB-1233-419A-8366-B2FBD96BBCCF}.Release|Any CPU.ActiveCfg = Release|Any CPU
		{551735BB-1233-419A-8366-B2FBD96BBCCF}.Release|Any CPU.Build.0 = Release|Any CPU
		{594B458F-E33B-45C5-AC0A-6A98C2279105}.Debug|Any CPU.ActiveCfg = Debug|Any CPU
		{594B458F-E33B-45C5-AC0A-6A98C2279105}.Debug|Any CPU.Build.0 = Debug|Any CPU
		{594B458F-E33B-45C5-AC0A-6A98C2279105}.Release|Any CPU.ActiveCfg = Release|Any CPU
		{594B458F-E33B-45C5-AC0A-6A98C2279105}.Release|Any CPU.Build.0 = Release|Any CPU
		{169FE4FA-B063-4F53-B08A-B16709192EA2}.Debug|Any CPU.ActiveCfg = Debug|Any CPU
		{169FE4FA-B063-4F53-B08A-B16709192EA2}.Debug|Any CPU.Build.0 = Debug|Any CPU
		{169FE4FA-B063-4F53-B08A-B16709192EA2}.Release|Any CPU.ActiveCfg = Release|Any CPU
		{169FE4FA-B063-4F53-B08A-B16709192EA2}.Release|Any CPU.Build.0 = Release|Any CPU
		{F0C26B5E-DA75-4729-A517-24CF360094DA}.Debug|Any CPU.ActiveCfg = Debug|Any CPU
		{F0C26B5E-DA75-4729-A517-24CF360094DA}.Debug|Any CPU.Build.0 = Debug|Any CPU
		{F0C26B5E-DA75-4729-A517-24CF360094DA}.Release|Any CPU.ActiveCfg = Release|Any CPU
		{F0C26B5E-DA75-4729-A517-24CF360094DA}.Release|Any CPU.Build.0 = Release|Any CPU
	EndGlobalSection
	GlobalSection(SolutionProperties) = preSolution
		HideSolutionNode = FALSE
	EndGlobalSection
	GlobalSection(NestedProjects) = preSolution
		{1B6640BB-6A12-4445-B5CF-355BB566B5D2} = {279ED2D3-CD77-4909-9CDA-4C30D711F4CE}
		{D163503F-E70E-44C6-8FBE-906486A05912} = {279ED2D3-CD77-4909-9CDA-4C30D711F4CE}
		{1F3C1792-B202-43FF-AAE9-72CA462F0928} = {279ED2D3-CD77-4909-9CDA-4C30D711F4CE}
		{08A95ECD-2675-481A-BE57-3D9A81017CD0} = {1B6640BB-6A12-4445-B5CF-355BB566B5D2}
		{F15C5637-6BF9-4D72-A4F1-FA2B19712C00} = {1B6640BB-6A12-4445-B5CF-355BB566B5D2}
		{413E99FB-0931-4629-BAE2-EC817775349C} = {1B6640BB-6A12-4445-B5CF-355BB566B5D2}
		{BD307BF2-E511-4043-B8F9-22585301CC7C} = {A3D3757C-A41E-4DE6-A449-7B1BC3028663}
		{81B00E59-4AF4-4B2A-86F5-C8A53D38D82F} = {A3D3757C-A41E-4DE6-A449-7B1BC3028663}
		{B5434081-D57E-495D-AFB0-1082EE512C0D} = {A3D3757C-A41E-4DE6-A449-7B1BC3028663}
		{3A411892-5825-4511-9F33-EC13B7E48E58} = {A3D3757C-A41E-4DE6-A449-7B1BC3028663}
		{AFE68559-C360-47A0-B9A2-7914114F0755} = {A3D3757C-A41E-4DE6-A449-7B1BC3028663}
		{3FD70D8D-8A08-4FAB-B60C-A2F85E47B4D1} = {A3D3757C-A41E-4DE6-A449-7B1BC3028663}
		{FC770D2D-BB4E-4A02-BE23-D4B40B67D34A} = {2B7CBB4A-EDDA-445C-B35F-9152BBFD6FF8}
		{77E85B08-BF9A-4213-86CA-1C6D8AD19400} = {2B7CBB4A-EDDA-445C-B35F-9152BBFD6FF8}
		{D09FB6D0-D1EB-4A4B-8C4A-50651E273697} = {FC770D2D-BB4E-4A02-BE23-D4B40B67D34A}
		{EE38E930-41C9-4781-9048-6E1744A46197} = {FC770D2D-BB4E-4A02-BE23-D4B40B67D34A}
		{91D79BAF-E8F5-457B-B1E5-8416B01DBD9B} = {77E85B08-BF9A-4213-86CA-1C6D8AD19400}
		{F068A37A-F359-4791-8866-B112D576D8B3} = {77E85B08-BF9A-4213-86CA-1C6D8AD19400}
		{73DCB62A-FC5C-4C7B-8F54-756372C5E144} = {77E85B08-BF9A-4213-86CA-1C6D8AD19400}
		{059BDE99-3DB1-4F0B-AAE9-A74DCB44649D} = {2B7CBB4A-EDDA-445C-B35F-9152BBFD6FF8}
		{551735BB-1233-419A-8366-B2FBD96BBCCF} = {059BDE99-3DB1-4F0B-AAE9-A74DCB44649D}
		{594B458F-E33B-45C5-AC0A-6A98C2279105} = {059BDE99-3DB1-4F0B-AAE9-A74DCB44649D}
		{169FE4FA-B063-4F53-B08A-B16709192EA2} = {059BDE99-3DB1-4F0B-AAE9-A74DCB44649D}
		{F0C26B5E-DA75-4729-A517-24CF360094DA} = {059BDE99-3DB1-4F0B-AAE9-A74DCB44649D}
	EndGlobalSection
	GlobalSection(ExtensibilityGlobals) = postSolution
		SolutionGuid = {24527FAC-F5E9-49D3-A3AF-9AC5B288C38C}
	EndGlobalSection
EndGlobal
